// !$*UTF8*$!
{
	archiveVersion = 1;
	classes = {
	};
	objectVersion = 56;
	objects = {

/* Begin PBXBuildFile section */
		BC4BEF312B0DD23000068049 /* BYBTabBarController.swift in Sources */ = {isa = PBXBuildFile; fileRef = BC4BEF302B0DD23000068049 /* BYBTabBarController.swift */; };
		BC4BEF332B0DD2BA00068049 /* BYBMainViewController.swift in Sources */ = {isa = PBXBuildFile; fileRef = BC4BEF322B0DD2BA00068049 /* BYBMainViewController.swift */; };
		BC4BEF352B0DD2E200068049 /* BYBTodosViewController.swift in Sources */ = {isa = PBXBuildFile; fileRef = BC4BEF342B0DD2E200068049 /* BYBTodosViewController.swift */; };
		BC4BEF372B0DD30C00068049 /* BYBHistoryViewController.swift in Sources */ = {isa = PBXBuildFile; fileRef = BC4BEF362B0DD30C00068049 /* BYBHistoryViewController.swift */; };
		BC4BEF3A2B0DD80600068049 /* Constants.swift in Sources */ = {isa = PBXBuildFile; fileRef = BC4BEF392B0DD80600068049 /* Constants.swift */; };
		BCB884BF2B076B1A00FDC187 /* AppDelegate.swift in Sources */ = {isa = PBXBuildFile; fileRef = BCB884BE2B076B1A00FDC187 /* AppDelegate.swift */; };
		BCB884C12B076B1A00FDC187 /* SceneDelegate.swift in Sources */ = {isa = PBXBuildFile; fileRef = BCB884C02B076B1A00FDC187 /* SceneDelegate.swift */; };
		BCB884C62B076B1A00FDC187 /* Main.storyboard in Resources */ = {isa = PBXBuildFile; fileRef = BCB884C42B076B1A00FDC187 /* Main.storyboard */; };
		BCB884C82B076B1C00FDC187 /* Assets.xcassets in Resources */ = {isa = PBXBuildFile; fileRef = BCB884C72B076B1C00FDC187 /* Assets.xcassets */; };
		BCB884CB2B076B1C00FDC187 /* LaunchScreen.storyboard in Resources */ = {isa = PBXBuildFile; fileRef = BCB884C92B076B1C00FDC187 /* LaunchScreen.storyboard */; };
/* End PBXBuildFile section */

/* Begin PBXFileReference section */
		BC4BEF302B0DD23000068049 /* BYBTabBarController.swift */ = {isa = PBXFileReference; lastKnownFileType = sourcecode.swift; path = BYBTabBarController.swift; sourceTree = "<group>"; };
		BC4BEF322B0DD2BA00068049 /* BYBMainViewController.swift */ = {isa = PBXFileReference; lastKnownFileType = sourcecode.swift; path = BYBMainViewController.swift; sourceTree = "<group>"; };
		BC4BEF342B0DD2E200068049 /* BYBTodosViewController.swift */ = {isa = PBXFileReference; lastKnownFileType = sourcecode.swift; path = BYBTodosViewController.swift; sourceTree = "<group>"; };
		BC4BEF362B0DD30C00068049 /* BYBHistoryViewController.swift */ = {isa = PBXFileReference; lastKnownFileType = sourcecode.swift; path = BYBHistoryViewController.swift; sourceTree = "<group>"; };
		BC4BEF392B0DD80600068049 /* Constants.swift */ = {isa = PBXFileReference; lastKnownFileType = sourcecode.swift; path = Constants.swift; sourceTree = "<group>"; };
		BCB884BB2B076B1A00FDC187 /* Pomodoro.app */ = {isa = PBXFileReference; explicitFileType = wrapper.application; includeInIndex = 0; path = Pomodoro.app; sourceTree = BUILT_PRODUCTS_DIR; };
		BCB884BE2B076B1A00FDC187 /* AppDelegate.swift */ = {isa = PBXFileReference; lastKnownFileType = sourcecode.swift; path = AppDelegate.swift; sourceTree = "<group>"; };
		BCB884C02B076B1A00FDC187 /* SceneDelegate.swift */ = {isa = PBXFileReference; lastKnownFileType = sourcecode.swift; path = SceneDelegate.swift; sourceTree = "<group>"; };
		BCB884C52B076B1A00FDC187 /* Base */ = {isa = PBXFileReference; lastKnownFileType = file.storyboard; name = Base; path = Base.lproj/Main.storyboard; sourceTree = "<group>"; };
		BCB884C72B076B1C00FDC187 /* Assets.xcassets */ = {isa = PBXFileReference; lastKnownFileType = folder.assetcatalog; path = Assets.xcassets; sourceTree = "<group>"; };
		BCB884CA2B076B1C00FDC187 /* Base */ = {isa = PBXFileReference; lastKnownFileType = file.storyboard; name = Base; path = Base.lproj/LaunchScreen.storyboard; sourceTree = "<group>"; };
		BCB884CC2B076B1C00FDC187 /* Info.plist */ = {isa = PBXFileReference; lastKnownFileType = text.plist.xml; path = Info.plist; sourceTree = "<group>"; };
/* End PBXFileReference section */

/* Begin PBXFrameworksBuildPhase section */
		BCB884B82B076B1A00FDC187 /* Frameworks */ = {
			isa = PBXFrameworksBuildPhase;
			buildActionMask = 2147483647;
			files = (
			);
			runOnlyForDeploymentPostprocessing = 0;
		};
/* End PBXFrameworksBuildPhase section */

/* Begin PBXGroup section */
		BC4BEF2D2B0DCD4E00068049 /* Support */ = {
			isa = PBXGroup;
			children = (
				BCB884BE2B076B1A00FDC187 /* AppDelegate.swift */,
				BCB884C02B076B1A00FDC187 /* SceneDelegate.swift */,
				BCB884C72B076B1C00FDC187 /* Assets.xcassets */,
				BCB884C92B076B1C00FDC187 /* LaunchScreen.storyboard */,
			);
			path = Support;
			sourceTree = "<group>";
		};
		BC4BEF2E2B0DCE6300068049 /* Views */ = {
			isa = PBXGroup;
			children = (
				BC4BEF302B0DD23000068049 /* BYBTabBarController.swift */,
			);
			path = Views;
			sourceTree = "<group>";
		};
		BC4BEF2F2B0DCE6A00068049 /* Controllers */ = {
			isa = PBXGroup;
			children = (
				BC4BEF322B0DD2BA00068049 /* BYBMainViewController.swift */,
				BC4BEF342B0DD2E200068049 /* BYBTodosViewController.swift */,
				BC4BEF362B0DD30C00068049 /* BYBHistoryViewController.swift */,
			);
			path = Controllers;
			sourceTree = "<group>";
		};
		BC4BEF382B0DD7FC00068049 /* Utils */ = {
			isa = PBXGroup;
			children = (
				BC4BEF392B0DD80600068049 /* Constants.swift */,
			);
			path = Utils;
			sourceTree = "<group>";
		};
		BCB884B22B076B1A00FDC187 = {
			isa = PBXGroup;
			children = (
				BCB884BD2B076B1A00FDC187 /* Pomodoro */,
				BCB884BC2B076B1A00FDC187 /* Products */,
			);
			sourceTree = "<group>";
		};
		BCB884BC2B076B1A00FDC187 /* Products */ = {
			isa = PBXGroup;
			children = (
				BCB884BB2B076B1A00FDC187 /* Pomodoro.app */,
			);
			name = Products;
			sourceTree = "<group>";
		};
		BCB884BD2B076B1A00FDC187 /* Pomodoro */ = {
			isa = PBXGroup;
			children = (
				BC4BEF382B0DD7FC00068049 /* Utils */,
				BC4BEF2F2B0DCE6A00068049 /* Controllers */,
				BC4BEF2E2B0DCE6300068049 /* Views */,
				BC4BEF2D2B0DCD4E00068049 /* Support */,
				BCB884C42B076B1A00FDC187 /* Main.storyboard */,
				BCB884CC2B076B1C00FDC187 /* Info.plist */,
			);
			path = Pomodoro;
			sourceTree = "<group>";
		};
/* End PBXGroup section */

/* Begin PBXNativeTarget section */
		BCB884BA2B076B1A00FDC187 /* Pomodoro */ = {
			isa = PBXNativeTarget;
			buildConfigurationList = BCB884CF2B076B1C00FDC187 /* Build configuration list for PBXNativeTarget "Pomodoro" */;
			buildPhases = (
				BCB884B72B076B1A00FDC187 /* Sources */,
				BCB884B82B076B1A00FDC187 /* Frameworks */,
				BCB884B92B076B1A00FDC187 /* Resources */,
			);
			buildRules = (
			);
			dependencies = (
			);
			name = Pomodoro;
			productName = Pomodoro;
			productReference = BCB884BB2B076B1A00FDC187 /* Pomodoro.app */;
			productType = "com.apple.product-type.application";
		};
/* End PBXNativeTarget section */

/* Begin PBXProject section */
		BCB884B32B076B1A00FDC187 /* Project object */ = {
			isa = PBXProject;
			attributes = {
				BuildIndependentTargetsInParallel = 1;
				LastSwiftUpdateCheck = 1500;
				LastUpgradeCheck = 1500;
				TargetAttributes = {
					BCB884BA2B076B1A00FDC187 = {
						CreatedOnToolsVersion = 15.0.1;
					};
				};
			};
			buildConfigurationList = BCB884B62B076B1A00FDC187 /* Build configuration list for PBXProject "Pomodoro" */;
			compatibilityVersion = "Xcode 14.0";
			developmentRegion = en;
			hasScannedForEncodings = 0;
			knownRegions = (
				en,
				Base,
			);
			mainGroup = BCB884B22B076B1A00FDC187;
			productRefGroup = BCB884BC2B076B1A00FDC187 /* Products */;
			projectDirPath = "";
			projectRoot = "";
			targets = (
				BCB884BA2B076B1A00FDC187 /* Pomodoro */,
			);
		};
/* End PBXProject section */

/* Begin PBXResourcesBuildPhase section */
		BCB884B92B076B1A00FDC187 /* Resources */ = {
			isa = PBXResourcesBuildPhase;
			buildActionMask = 2147483647;
			files = (
				BCB884CB2B076B1C00FDC187 /* LaunchScreen.storyboard in Resources */,
				BCB884C82B076B1C00FDC187 /* Assets.xcassets in Resources */,
				BCB884C62B076B1A00FDC187 /* Main.storyboard in Resources */,
			);
			runOnlyForDeploymentPostprocessing = 0;
		};
/* End PBXResourcesBuildPhase section */

/* Begin PBXSourcesBuildPhase section */
		BCB884B72B076B1A00FDC187 /* Sources */ = {
			isa = PBXSourcesBuildPhase;
			buildActionMask = 2147483647;
			files = (
				BC4BEF312B0DD23000068049 /* BYBTabBarController.swift in Sources */,
				BC4BEF352B0DD2E200068049 /* BYBTodosViewController.swift in Sources */,
				BC4BEF372B0DD30C00068049 /* BYBHistoryViewController.swift in Sources */,
				BC4BEF332B0DD2BA00068049 /* BYBMainViewController.swift in Sources */,
				BCB884BF2B076B1A00FDC187 /* AppDelegate.swift in Sources */,
				BCB884C12B076B1A00FDC187 /* SceneDelegate.swift in Sources */,
				BC4BEF3A2B0DD80600068049 /* Constants.swift in Sources */,
			);
			runOnlyForDeploymentPostprocessing = 0;
		};
/* End PBXSourcesBuildPhase section */

/* Begin PBXVariantGroup section */
		BCB884C42B076B1A00FDC187 /* Main.storyboard */ = {
			isa = PBXVariantGroup;
			children = (
				BCB884C52B076B1A00FDC187 /* Base */,
			);
			name = Main.storyboard;
			sourceTree = "<group>";
		};
		BCB884C92B076B1C00FDC187 /* LaunchScreen.storyboard */ = {
			isa = PBXVariantGroup;
			children = (
				BCB884CA2B076B1C00FDC187 /* Base */,
			);
			name = LaunchScreen.storyboard;
			sourceTree = "<group>";
		};
/* End PBXVariantGroup section */

/* Begin XCBuildConfiguration section */
		BCB884CD2B076B1C00FDC187 /* Debug */ = {
			isa = XCBuildConfiguration;
			buildSettings = {
				ALWAYS_SEARCH_USER_PATHS = NO;
				ASSETCATALOG_COMPILER_GENERATE_SWIFT_ASSET_SYMBOL_EXTENSIONS = YES;
				CLANG_ANALYZER_NONNULL = YES;
				CLANG_ANALYZER_NUMBER_OBJECT_CONVERSION = YES_AGGRESSIVE;
				CLANG_CXX_LANGUAGE_STANDARD = "gnu++20";
				CLANG_ENABLE_MODULES = YES;
				CLANG_ENABLE_OBJC_ARC = YES;
				CLANG_ENABLE_OBJC_WEAK = YES;
				CLANG_WARN_BLOCK_CAPTURE_AUTORELEASING = YES;
				CLANG_WARN_BOOL_CONVERSION = YES;
				CLANG_WARN_COMMA = YES;
				CLANG_WARN_CONSTANT_CONVERSION = YES;
				CLANG_WARN_DEPRECATED_OBJC_IMPLEMENTATIONS = YES;
				CLANG_WARN_DIRECT_OBJC_ISA_USAGE = YES_ERROR;
				CLANG_WARN_DOCUMENTATION_COMMENTS = YES;
				CLANG_WARN_EMPTY_BODY = YES;
				CLANG_WARN_ENUM_CONVERSION = YES;
				CLANG_WARN_INFINITE_RECURSION = YES;
				CLANG_WARN_INT_CONVERSION = YES;
				CLANG_WARN_NON_LITERAL_NULL_CONVERSION = YES;
				CLANG_WARN_OBJC_IMPLICIT_RETAIN_SELF = YES;
				CLANG_WARN_OBJC_LITERAL_CONVERSION = YES;
				CLANG_WARN_OBJC_ROOT_CLASS = YES_ERROR;
				CLANG_WARN_QUOTED_INCLUDE_IN_FRAMEWORK_HEADER = YES;
				CLANG_WARN_RANGE_LOOP_ANALYSIS = YES;
				CLANG_WARN_STRICT_PROTOTYPES = YES;
				CLANG_WARN_SUSPICIOUS_MOVE = YES;
				CLANG_WARN_UNGUARDED_AVAILABILITY = YES_AGGRESSIVE;
				CLANG_WARN_UNREACHABLE_CODE = YES;
				CLANG_WARN__DUPLICATE_METHOD_MATCH = YES;
				COPY_PHASE_STRIP = NO;
				DEBUG_INFORMATION_FORMAT = dwarf;
				ENABLE_STRICT_OBJC_MSGSEND = YES;
				ENABLE_TESTABILITY = YES;
				ENABLE_USER_SCRIPT_SANDBOXING = YES;
				GCC_C_LANGUAGE_STANDARD = gnu17;
				GCC_DYNAMIC_NO_PIC = NO;
				GCC_NO_COMMON_BLOCKS = YES;
				GCC_OPTIMIZATION_LEVEL = 0;
				GCC_PREPROCESSOR_DEFINITIONS = (
					"DEBUG=1",
					"$(inherited)",
				);
				GCC_WARN_64_TO_32_BIT_CONVERSION = YES;
				GCC_WARN_ABOUT_RETURN_TYPE = YES_ERROR;
				GCC_WARN_UNDECLARED_SELECTOR = YES;
				GCC_WARN_UNINITIALIZED_AUTOS = YES_AGGRESSIVE;
				GCC_WARN_UNUSED_FUNCTION = YES;
				GCC_WARN_UNUSED_VARIABLE = YES;
				IPHONEOS_DEPLOYMENT_TARGET = 17.0;
				LOCALIZATION_PREFERS_STRING_CATALOGS = YES;
				MTL_ENABLE_DEBUG_INFO = INCLUDE_SOURCE;
				MTL_FAST_MATH = YES;
				ONLY_ACTIVE_ARCH = YES;
				SDKROOT = iphoneos;
				SWIFT_ACTIVE_COMPILATION_CONDITIONS = "DEBUG $(inherited)";
				SWIFT_OPTIMIZATION_LEVEL = "-Onone";
			};
			name = Debug;
		};
		BCB884CE2B076B1C00FDC187 /* Release */ = {
			isa = XCBuildConfiguration;
			buildSettings = {
				ALWAYS_SEARCH_USER_PATHS = NO;
				ASSETCATALOG_COMPILER_GENERATE_SWIFT_ASSET_SYMBOL_EXTENSIONS = YES;
				CLANG_ANALYZER_NONNULL = YES;
				CLANG_ANALYZER_NUMBER_OBJECT_CONVERSION = YES_AGGRESSIVE;
				CLANG_CXX_LANGUAGE_STANDARD = "gnu++20";
				CLANG_ENABLE_MODULES = YES;
				CLANG_ENABLE_OBJC_ARC = YES;
				CLANG_ENABLE_OBJC_WEAK = YES;
				CLANG_WARN_BLOCK_CAPTURE_AUTORELEASING = YES;
				CLANG_WARN_BOOL_CONVERSION = YES;
				CLANG_WARN_COMMA = YES;
				CLANG_WARN_CONSTANT_CONVERSION = YES;
				CLANG_WARN_DEPRECATED_OBJC_IMPLEMENTATIONS = YES;
				CLANG_WARN_DIRECT_OBJC_ISA_USAGE = YES_ERROR;
				CLANG_WARN_DOCUMENTATION_COMMENTS = YES;
				CLANG_WARN_EMPTY_BODY = YES;
				CLANG_WARN_ENUM_CONVERSION = YES;
				CLANG_WARN_INFINITE_RECURSION = YES;
				CLANG_WARN_INT_CONVERSION = YES;
				CLANG_WARN_NON_LITERAL_NULL_CONVERSION = YES;
				CLANG_WARN_OBJC_IMPLICIT_RETAIN_SELF = YES;
				CLANG_WARN_OBJC_LITERAL_CONVERSION = YES;
				CLANG_WARN_OBJC_ROOT_CLASS = YES_ERROR;
				CLANG_WARN_QUOTED_INCLUDE_IN_FRAMEWORK_HEADER = YES;
				CLANG_WARN_RANGE_LOOP_ANALYSIS = YES;
				CLANG_WARN_STRICT_PROTOTYPES = YES;
				CLANG_WARN_SUSPICIOUS_MOVE = YES;
				CLANG_WARN_UNGUARDED_AVAILABILITY = YES_AGGRESSIVE;
				CLANG_WARN_UNREACHABLE_CODE = YES;
				CLANG_WARN__DUPLICATE_METHOD_MATCH = YES;
				COPY_PHASE_STRIP = NO;
				DEBUG_INFORMATION_FORMAT = "dwarf-with-dsym";
				ENABLE_NS_ASSERTIONS = NO;
				ENABLE_STRICT_OBJC_MSGSEND = YES;
				ENABLE_USER_SCRIPT_SANDBOXING = YES;
				GCC_C_LANGUAGE_STANDARD = gnu17;
				GCC_NO_COMMON_BLOCKS = YES;
				GCC_WARN_64_TO_32_BIT_CONVERSION = YES;
				GCC_WARN_ABOUT_RETURN_TYPE = YES_ERROR;
				GCC_WARN_UNDECLARED_SELECTOR = YES;
				GCC_WARN_UNINITIALIZED_AUTOS = YES_AGGRESSIVE;
				GCC_WARN_UNUSED_FUNCTION = YES;
				GCC_WARN_UNUSED_VARIABLE = YES;
				IPHONEOS_DEPLOYMENT_TARGET = 17.0;
				LOCALIZATION_PREFERS_STRING_CATALOGS = YES;
				MTL_ENABLE_DEBUG_INFO = NO;
				MTL_FAST_MATH = YES;
				SDKROOT = iphoneos;
				SWIFT_COMPILATION_MODE = wholemodule;
				VALIDATE_PRODUCT = YES;
			};
			name = Release;
		};
		BCB884D02B076B1C00FDC187 /* Debug */ = {
			isa = XCBuildConfiguration;
			buildSettings = {
				ASSETCATALOG_COMPILER_APPICON_NAME = AppIcon;
				ASSETCATALOG_COMPILER_GLOBAL_ACCENT_COLOR_NAME = AccentColor;
				CODE_SIGN_STYLE = Automatic;
				CURRENT_PROJECT_VERSION = 1;
				DEVELOPMENT_TEAM = 4P845CNK53;
				GENERATE_INFOPLIST_FILE = YES;
				INFOPLIST_FILE = Pomodoro/Info.plist;
				INFOPLIST_KEY_UIApplicationSupportsIndirectInputEvents = YES;
				INFOPLIST_KEY_UILaunchStoryboardName = LaunchScreen;
				INFOPLIST_KEY_UIMainStoryboardFile = Main;
				INFOPLIST_KEY_UISupportedInterfaceOrientations_iPad = "UIInterfaceOrientationPortrait UIInterfaceOrientationPortraitUpsideDown UIInterfaceOrientationLandscapeLeft UIInterfaceOrientationLandscapeRight";
				INFOPLIST_KEY_UISupportedInterfaceOrientations_iPhone = "UIInterfaceOrientationPortrait UIInterfaceOrientationLandscapeLeft UIInterfaceOrientationLandscapeRight";
				IPHONEOS_DEPLOYMENT_TARGET = 15.0;
				LD_RUNPATH_SEARCH_PATHS = (
					"$(inherited)",
					"@executable_path/Frameworks",
				);
				MARKETING_VERSION = 1.0;
				PRODUCT_BUNDLE_IDENTIFIER = bestapps.com.Pomodoro;
				PRODUCT_NAME = "$(TARGET_NAME)";
				SWIFT_EMIT_LOC_STRINGS = YES;
				SWIFT_VERSION = 5.0;
				TARGETED_DEVICE_FAMILY = "1,2";
			};
			name = Debug;
		};
		BCB884D12B076B1C00FDC187 /* Release */ = {
			isa = XCBuildConfiguration;
			buildSettings = {
				ASSETCATALOG_COMPILER_APPICON_NAME = AppIcon;
				ASSETCATALOG_COMPILER_GLOBAL_ACCENT_COLOR_NAME = AccentColor;
				CODE_SIGN_STYLE = Automatic;
				CURRENT_PROJECT_VERSION = 1;
				DEVELOPMENT_TEAM = 4P845CNK53;
				GENERATE_INFOPLIST_FILE = YES;
				INFOPLIST_FILE = Pomodoro/Info.plist;
				INFOPLIST_KEY_UIApplicationSupportsIndirectInputEvents = YES;
				INFOPLIST_KEY_UILaunchStoryboardName = LaunchScreen;
				INFOPLIST_KEY_UIMainStoryboardFile = Main;
				INFOPLIST_KEY_UISupportedInterfaceOrientations_iPad = "UIInterfaceOrientationPortrait UIInterfaceOrientationPortraitUpsideDown UIInterfaceOrientationLandscapeLeft UIInterfaceOrientationLandscapeRight";
				INFOPLIST_KEY_UISupportedInterfaceOrientations_iPhone = "UIInterfaceOrientationPortrait UIInterfaceOrientationLandscapeLeft UIInterfaceOrientationLandscapeRight";
				IPHONEOS_DEPLOYMENT_TARGET = 15.0;
				LD_RUNPATH_SEARCH_PATHS = (
					"$(inherited)",
					"@executable_path/Frameworks",
				);
				MARKETING_VERSION = 1.0;
				PRODUCT_BUNDLE_IDENTIFIER = bestapps.com.Pomodoro;
				PRODUCT_NAME = "$(TARGET_NAME)";
				SWIFT_EMIT_LOC_STRINGS = YES;
				SWIFT_VERSION = 5.0;
				TARGETED_DEVICE_FAMILY = "1,2";
			};
			name = Release;
		};
/* End XCBuildConfiguration section */

/* Begin XCConfigurationList section */
		BCB884B62B076B1A00FDC187 /* Build configuration list for PBXProject "Pomodoro" */ = {
			isa = XCConfigurationList;
			buildConfigurations = (
				BCB884CD2B076B1C00FDC187 /* Debug */,
				BCB884CE2B076B1C00FDC187 /* Release */,
			);
			defaultConfigurationIsVisible = 0;
			defaultConfigurationName = Release;
		};
		BCB884CF2B076B1C00FDC187 /* Build configuration list for PBXNativeTarget "Pomodoro" */ = {
			isa = XCConfigurationList;
			buildConfigurations = (
				BCB884D02B076B1C00FDC187 /* Debug */,
				BCB884D12B076B1C00FDC187 /* Release */,
			);
			defaultConfigurationIsVisible = 0;
			defaultConfigurationName = Release;
		};
/* End XCConfigurationList section */
	};
	rootObject = BCB884B32B076B1A00FDC187 /* Project object */;
}
